
Microsoft Visual Studio Solution File, Format Version 12.00
# Visual Studio Version 17
VisualStudioVersion = 17.2.32630.192
MinimumVisualStudioVersion = 10.0.40219.1
Project("{9A19103F-16F7-4668-BE54-9A1E7A4F7556}") = "R5T.L0026", "R5T.L0026\R5T.L0026.csproj", "{5C6F40CC-639A-4FE2-8386-DE3F6FBE8EF4}"
EndProject
Project("{2150E333-8FDC-42A3-9474-1A3956D46DE8}") = "_Dependencies", "_Dependencies", "{3A596BA2-AA85-4DB8-B85B-2AF5E99030F6}"
EndProject
Project("{9A19103F-16F7-4668-BE54-9A1E7A4F7556}") = "R5T.T0142", "..\..\R5T.T0142\source\R5T.T0142\R5T.T0142.csproj", "{3591F789-771A-4F4D-8533-018E20BD1011}"
EndProject
Project("{9A19103F-16F7-4668-BE54-9A1E7A4F7556}") = "R5T.T0131", "..\..\R5T.T0131\source\R5T.T0131\R5T.T0131.csproj", "{D8F1B56D-0B0B-4D1B-804A-2C06A5E57730}"
EndProject
Project("{9A19103F-16F7-4668-BE54-9A1E7A4F7556}") = "R5T.Z0006", "..\..\R5T.Z0006\source\R5T.Z0006\R5T.Z0006.csproj", "{9F3880C0-3E9B-4A63-BB05-5B79BF57BC72}"
EndProject
Project("{9A19103F-16F7-4668-BE54-9A1E7A4F7556}") = "R5T.Z0007", "..\..\R5T.Z0007\source\R5T.Z0007\R5T.Z0007.csproj", "{DEDD4138-8D04-49D3-A68E-F0A865BC5FFD}"
EndProject
Global
	GlobalSection(SolutionConfigurationPlatforms) = preSolution
		Debug|Any CPU = Debug|Any CPU
		Release|Any CPU = Release|Any CPU
	EndGlobalSection
	GlobalSection(ProjectConfigurationPlatforms) = postSolution
		{5C6F40CC-639A-4FE2-8386-DE3F6FBE8EF4}.Debug|Any CPU.ActiveCfg = Debug|Any CPU
		{5C6F40CC-639A-4FE2-8386-DE3F6FBE8EF4}.Debug|Any CPU.Build.0 = Debug|Any CPU
		{5C6F40CC-639A-4FE2-8386-DE3F6FBE8EF4}.Release|Any CPU.ActiveCfg = Release|Any CPU
		{5C6F40CC-639A-4FE2-8386-DE3F6FBE8EF4}.Release|Any CPU.Build.0 = Release|Any CPU
		{3591F789-771A-4F4D-8533-018E20BD1011}.Debug|Any CPU.ActiveCfg = Debug|Any CPU
		{3591F789-771A-4F4D-8533-018E20BD1011}.Debug|Any CPU.Build.0 = Debug|Any CPU
		{3591F789-771A-4F4D-8533-018E20BD1011}.Release|Any CPU.ActiveCfg = Release|Any CPU
		{3591F789-771A-4F4D-8533-018E20BD1011}.Release|Any CPU.Build.0 = Release|Any CPU
		{D8F1B56D-0B0B-4D1B-804A-2C06A5E57730}.Debug|Any CPU.ActiveCfg = Debug|Any CPU
		{D8F1B56D-0B0B-4D1B-804A-2C06A5E57730}.Debug|Any CPU.Build.0 = Debug|Any CPU
		{D8F1B56D-0B0B-4D1B-804A-2C06A5E57730}.Release|Any CPU.ActiveCfg = Release|Any CPU
		{D8F1B56D-0B0B-4D1B-804A-2C06A5E57730}.Release|Any CPU.Build.0 = Release|Any CPU
		{9F3880C0-3E9B-4A63-BB05-5B79BF57BC72}.Debug|Any CPU.ActiveCfg = Debug|Any CPU
		{9F3880C0-3E9B-4A63-BB05-5B79BF57BC72}.Debug|Any CPU.Build.0 = Debug|Any CPU
		{9F3880C0-3E9B-4A63-BB05-5B79BF57BC72}.Release|Any CPU.ActiveCfg = Release|Any CPU
		{9F3880C0-3E9B-4A63-BB05-5B79BF57BC72}.Release|Any CPU.Build.0 = Release|Any CPU
		{DEDD4138-8D04-49D3-A68E-F0A865BC5FFD}.Debug|Any CPU.ActiveCfg = Debug|Any CPU
		{DEDD4138-8D04-49D3-A68E-F0A865BC5FFD}.Debug|Any CPU.Build.0 = Debug|Any CPU
		{DEDD4138-8D04-49D3-A68E-F0A865BC5FFD}.Release|Any CPU.ActiveCfg = Release|Any CPU
		{DEDD4138-8D04-49D3-A68E-F0A865BC5FFD}.Release|Any CPU.Build.0 = Release|Any CPU
	EndGlobalSection
	GlobalSection(SolutionProperties) = preSolution
		HideSolutionNode = FALSE
	EndGlobalSection
	GlobalSection(NestedProjects) = preSolution
		{3591F789-771A-4F4D-8533-018E20BD1011} = {3A596BA2-AA85-4DB8-B85B-2AF5E99030F6}
		{D8F1B56D-0B0B-4D1B-804A-2C06A5E57730} = {3A596BA2-AA85-4DB8-B85B-2AF5E99030F6}
		{9F3880C0-3E9B-4A63-BB05-5B79BF57BC72} = {3A596BA2-AA85-4DB8-B85B-2AF5E99030F6}
		{DEDD4138-8D04-49D3-A68E-F0A865BC5FFD} = {3A596BA2-AA85-4DB8-B85B-2AF5E99030F6}
	EndGlobalSection
	GlobalSection(ExtensibilityGlobals) = postSolution
		SolutionGuid = {88EB4307-05A8-468F-90CE-77A2FA2A42DD}
	EndGlobalSection
EndGlobal
